
Microsoft Visual Studio Solution File, Format Version 12.00
# Visual Studio Version 17
VisualStudioVersion = 17.11.35208.52
MinimumVisualStudioVersion = 10.0.40219.1
Project("{FAE04EC0-301F-11D3-BF4B-00C04F79EFBC}") = "File Paths", "File Paths\File Paths.csproj", "{36AD3FBE-4E5B-4C0D-B08E-4E657B606D0C}"
EndProject
Global
	GlobalSection(SolutionConfigurationPlatforms) = preSolution
		Debug|Any CPU = Debug|Any CPU
		Release|Any CPU = Release|Any CPU
	EndGlobalSection
	GlobalSection(ProjectConfigurationPlatforms) = postSolution
		{36AD3FBE-4E5B-4C0D-B08E-4E657B606D0C}.Debug|Any CPU.ActiveCfg = Debug|Any CPU
		{36AD3FBE-4E5B-4C0D-B08E-4E657B606D0C}.Debug|Any CPU.Build.0 = Debug|Any CPU
		{36AD3FBE-4E5B-4C0D-B08E-4E657B606D0C}.Release|Any CPU.ActiveCfg = Release|Any CPU
		{36AD3FBE-4E5B-4C0D-B08E-4E657B606D0C}.Release|Any CPU.Build.0 = Release|Any CPU
	EndGlobalSection
	GlobalSection(SolutionProperties) = preSolution
		HideSolutionNode = FALSE
	EndGlobalSection
	GlobalSection(ExtensibilityGlobals) = postSolution
		SolutionGuid = {69B8D5EB-F875-4DFA-9176-4BAA7BC59DAC}
	EndGlobalSection
EndGlobal
